<?xml version="1.0" encoding="utf-8"?>
<Project ToolsVersion="4.0" xmlns="http://schemas.microsoft.com/developer/msbuild/2003">
  <ItemGroup>
    <Filter Include="Source Files">
      <UniqueIdentifier>{4FC737F1-C7A5-4376-A066-2A32D752A2FF}</UniqueIdentifier>
      <Extensions>cpp;c;cc;cxx;c++;cppm;ixx;def;odl;idl;hpj;bat;asm;asmx</Extensions>
    </Filter>
    <Filter Include="Header Files">
      <UniqueIdentifier>{93995380-89BD-4b04-88EB-625FBE52EBFB}</UniqueIdentifier>
      <Extensions>h;hh;hpp;hxx;h++;hm;inl;inc;ipp;xsd</Extensions>
    </Filter>
    <Filter Include="Resource Files">
      <UniqueIdentifier>{67DA6AB6-F800-4c08-8B7A-83BB121AAD01}</UniqueIdentifier>
      <Extensions>rc;ico;cur;bmp;dlg;rc2;rct;bin;rgs;gif;jpg;jpeg;jpe;resx;tiff;tif;png;wav;mfcribbon-ms</Extensions>
    </Filter>
    <Filter Include="02. Graphics">
      <UniqueIdentifier>{e316aa48-db5d-486e-b076-70fd1d44c1c4}</UniqueIdentifier>
    </Filter>
    <Filter Include="01. GameEngine">
      <UniqueIdentifier>{0ae42975-3d35-4b81-86ca-86baa169025b}</UniqueIdentifier>
    </Filter>
    <Filter Include="01. GameEngine\01. Input">
      <UniqueIdentifier>{1c6af333-0e02-42e3-872b-76169c83fff1}</UniqueIdentifier>
    </Filter>
  </ItemGroup>
  <ItemGroup>
    <ClInclude Include="CGameError.h">
      <Filter>Header Files</Filter>
    </ClInclude>
    <ClInclude Include="Macro.h">
      <Filter>Header Files</Filter>
    </ClInclude>
    <ClInclude Include="Const.h">
      <Filter>Header Files</Filter>
    </ClInclude>
    <ClInclude Include="CGraphics.h">
      <Filter>02. Graphics</Filter>
    </ClInclude>
    <ClInclude Include="CGameEngine.h">
      <Filter>01. GameEngine</Filter>
    </ClInclude>
    <ClInclude Include="CInput.h">
      <Filter>01. GameEngine\01. Input</Filter>
    </ClInclude>
  </ItemGroup>
  <ItemGroup>
    <ClCompile Include="app.cpp">
      <Filter>Source Files</Filter>
    </ClCompile>
    <ClCompile Include="CGraphics.cpp">
      <Filter>02. Graphics</Filter>
    </ClCompile>
    <ClCompile Include="CGameEngine.cpp">
      <Filter>01. GameEngine</Filter>
    </ClCompile>
    <ClCompile Include="CInput.cpp">
      <Filter>01. GameEngine\01. Input</Filter>
    </ClCompile>
  </ItemGroup>
</Project>